
Microsoft Visual Studio Solution File, Format Version 12.00
# Visual Studio Version 17
VisualStudioVersion = 17.8.34322.80
MinimumVisualStudioVersion = 10.0.40219.1
Project("{FAE04EC0-301F-11D3-BF4B-00C04F79EFBC}") = "Corona_System", "Corona_System.csproj", "{1C6531FB-289F-4578-99A2-4B23FDD766EA}"
EndProject
Global
	GlobalSection(SolutionConfigurationPlatforms) = preSolution
		Debug|Any CPU = Debug|Any CPU
		Release|Any CPU = Release|Any CPU
	EndGlobalSection
	GlobalSection(ProjectConfigurationPlatforms) = postSolution
		{1C6531FB-289F-4578-99A2-4B23FDD766EA}.Debug|Any CPU.ActiveCfg = Debug|Any CPU
		{1C6531FB-289F-4578-99A2-4B23FDD766EA}.Debug|Any CPU.Build.0 = Debug|Any CPU
		{1C6531FB-289F-4578-99A2-4B23FDD766EA}.Release|Any CPU.ActiveCfg = Release|Any CPU
		{1C6531FB-289F-4578-99A2-4B23FDD766EA}.Release|Any CPU.Build.0 = Release|Any CPU
	EndGlobalSection
	GlobalSection(SolutionProperties) = preSolution
		HideSolutionNode = FALSE
	EndGlobalSection
	GlobalSection(ExtensibilityGlobals) = postSolution
		SolutionGuid = {50D408CE-DCDA-4B9B-A937-2ED35EDB64AF}
	EndGlobalSection
EndGlobal
